<?xml version="1.0" encoding="utf-8"?>
<Project ToolsVersion="4.0" xmlns="http://schemas.microsoft.com/developer/msbuild/2003">
  <ItemGroup>
    <Filter Include="Resource Files">
      <UniqueIdentifier>{4278caf6-0bed-40af-9408-7b51181a9fd5}</UniqueIdentifier>
      <Extensions>rc;ico;cur;bmp;dlg;rc2;rct;bin;rgs;jpg;jpeg;jpe;manifest</Extensions>
    </Filter>
    <Filter Include="Commands">
      <UniqueIdentifier>{a6550359-b4a3-44b2-8aa1-91df7582e8b8}</UniqueIdentifier>
    </Filter>
    <Filter Include="Commands\About">
      <UniqueIdentifier>{c31c032e-32d7-4552-a763-4f4926dbcf46}</UniqueIdentifier>
    </Filter>
    <Filter Include="Common">
      <UniqueIdentifier>{6fc76284-658e-4a39-b3fc-3df116e5f1f8}</UniqueIdentifier>
    </Filter>
    <Filter Include="Common\AppUtils">
      <UniqueIdentifier>{d89ad0c1-2343-4d99-9f68-9bb27b8f5201}</UniqueIdentifier>
    </Filter>
    <Filter Include="General">
      <UniqueIdentifier>{de003b35-fab6-4c15-9e1f-f8c0748dd5fd}</UniqueIdentifier>
    </Filter>
    <Filter Include="Commands\Help">
      <UniqueIdentifier>{5337cf11-8601-49a1-bd82-0a3a02a5829a}</UniqueIdentifier>
    </Filter>
    <Filter Include="Utils">
      <UniqueIdentifier>{b8b3b982-099a-49a2-b75f-ddd8001dc9b2}</UniqueIdentifier>
    </Filter>
    <Filter Include="Utils\TreePropSheet">
      <UniqueIdentifier>{e772451b-ebd6-46da-b8e2-f4794840702a}</UniqueIdentifier>
    </Filter>
    <Filter Include="Commands\SI Commit">
      <UniqueIdentifier>{a6b9c478-66cc-42bb-a14f-90f9e25c7a01}</UniqueIdentifier>
    </Filter>
    <Filter Include="SI">
      <UniqueIdentifier>{a7b7e76e-125a-4b4d-9a4c-a2563c6d689a}</UniqueIdentifier>
    </Filter>
    <Filter Include="Utils\MiscUI">
      <UniqueIdentifier>{a80023ec-988c-4322-bf9d-e2745f2e459c}</UniqueIdentifier>
    </Filter>
    <Filter Include="Integrity">
      <UniqueIdentifier>{74f17f91-70ee-49cc-a9f3-6872fdbb2266}</UniqueIdentifier>
    </Filter>
  </ItemGroup>
  <ItemGroup>
    <ClCompile Include="..\Utils\MiscUI\HorizontalResizableStandAloneDialog.cpp">
      <Filter>Utils\MiscUI</Filter>
    </ClCompile>
    <ClCompile Include="..\Utils\MiscUI\LinkControl.cpp">
      <Filter>Utils\MiscUI</Filter>
    </ClCompile>
    <ClCompile Include="..\Utils\MiscUI\StandAloneDlg.cpp">
      <Filter>Utils\MiscUI</Filter>
    </ClCompile>
    <ClCompile Include="Commands\Command.cpp">
      <Filter>Commands</Filter>
    </ClCompile>
    <ClCompile Include="..\Utils\CmdLineParser.cpp">
      <Filter>General</Filter>
    </ClCompile>
    <ClCompile Include="..\Utils\DirFileEnum.cpp">
      <Filter>General</Filter>
    </ClCompile>
    <ClCompile Include="..\Utils\JumpListHelpers.cpp">
      <Filter>General</Filter>
    </ClCompile>
    <ClCompile Include="..\Utils\LangDll.cpp">
      <Filter>General</Filter>
    </ClCompile>
    <ClCompile Include="..\Utils\PathUtils.cpp">
      <Filter>General</Filter>
    </ClCompile>
    <ClCompile Include="..\Utils\PersonalDictionary.cpp">
      <Filter>General</Filter>
    </ClCompile>
    <ClCompile Include="..\Utils\Registry.cpp">
      <Filter>General</Filter>
    </ClCompile>
    <ClCompile Include="..\Utils\SysInfo.cpp">
      <Filter>General</Filter>
    </ClCompile>
    <ClCompile Include="..\Utils\UnicodeUtils.cpp">
      <Filter>General</Filter>
    </ClCompile>
    <ClCompile Include="..\Utils\DebugOutput.cpp">
      <Filter>General</Filter>
    </ClCompile>
    <ClCompile Include="..\Utils\Libraries.cpp">
      <Filter>General</Filter>
    </ClCompile>
    <ClCompile Include="..\Utils\MiscUI\BrowseFolder.cpp">
      <Filter>Utils\MiscUI</Filter>
    </ClCompile>
    <ClCompile Include="..\Utils\MiscUI\FilterEdit.cpp">
      <Filter>Utils\MiscUI</Filter>
    </ClCompile>
    <ClCompile Include="..\Utils\MiscUI\HintListCtrl.cpp">
      <Filter>Utils\MiscUI</Filter>
    </ClCompile>
    <ClCompile Include="..\Utils\MiscUI\HTMLFormatter.cpp">
      <Filter>Utils\MiscUI</Filter>
    </ClCompile>
    <ClCompile Include="..\Utils\MiscUI\HyperLink.cpp">
      <Filter>Utils\MiscUI</Filter>
    </ClCompile>
    <ClCompile Include="..\Utils\MiscUI\IconBitmapUtils.cpp">
      <Filter>Utils\MiscUI</Filter>
    </ClCompile>
    <ClCompile Include="..\Utils\MiscUI\IconMenu.cpp">
      <Filter>Utils\MiscUI</Filter>
    </ClCompile>
    <ClCompile Include="..\Utils\MiscUI\MenuButton.cpp">
      <Filter>Utils\MiscUI</Filter>
    </ClCompile>
    <ClCompile Include="..\Utils\MiscUI\MessageBox.cpp">
      <Filter>Utils\MiscUI</Filter>
    </ClCompile>
    <ClCompile Include="..\Utils\MiscUI\Picture.cpp">
      <Filter>Utils\MiscUI</Filter>
    </ClCompile>
    <ClCompile Include="..\Utils\MiscUI\Tooltip.cpp">
      <Filter>Utils\MiscUI</Filter>
    </ClCompile>
    <ClCompile Include="..\Utils\MiscUI\WaterEffect.cpp">
      <Filter>Utils\MiscUI</Filter>
    </ClCompile>
    <ClCompile Include="..\Utils\RegHistory.cpp">
      <Filter>General</Filter>
    </ClCompile>
    <ClCompile Include="..\Utils\MiscUI\DIB.cpp">
      <Filter>Utils\MiscUI</Filter>
    </ClCompile>
    <ClCompile Include="..\Utils\ACEdit.cpp">
      <Filter>General</Filter>
    </ClCompile>
    <ClCompile Include="..\Utils\ACListWnd.cpp">
      <Filter>General</Filter>
    </ClCompile>
    <ClCompile Include="..\Utils\TreePropSheet\TreePropSheet.cpp">
      <Filter>Utils\TreePropSheet</Filter>
    </ClCompile>
    <ClCompile Include="..\Utils\COMError.cpp">
      <Filter>General</Filter>
    </ClCompile>
    <ClCompile Include="..\Utils\MiscUI\RegexEdit.cpp">
      <Filter>Utils\MiscUI</Filter>
    </ClCompile>
    <ClCompile Include="..\Utils\MiscUI\BufferDC.cpp">
      <Filter>Utils\MiscUI</Filter>
    </ClCompile>
    <ClCompile Include="..\Utils\StringUtils.cpp">
      <Filter>General</Filter>
    </ClCompile>
    <ClCompile Include="..\Utils\ReaderWriterLock.cpp">
      <Filter>General</Filter>
    </ClCompile>
    <ClCompile Include="Common\AppUtils.cpp">
      <Filter>Common\AppUtils</Filter>
    </ClCompile>
    <ClCompile Include="stdafx.cpp" />
    <ClCompile Include="Commands\AboutCommand.cpp">
      <Filter>Commands\About</Filter>
    </ClCompile>
    <ClCompile Include="Commands\AboutDlg.cpp">
      <Filter>Commands\About</Filter>
    </ClCompile>
    <ClCompile Include="Commands\SICommitCommand.cpp">
      <Filter>Commands\SI Commit</Filter>
    </ClCompile>
    <ClCompile Include="Commands\SICommitDlg.cpp">
      <Filter>Commands\SI Commit</Filter>
    </ClCompile>
    <ClCompile Include="..\SI\Git.cpp">
      <Filter>SI</Filter>
    </ClCompile>
    <ClCompile Include="..\SI\TGitPath.cpp">
      <Filter>SI</Filter>
    </ClCompile>
    <ClCompile Include="..\Utils\TreePropSheet\PropPageFrame.cpp">
      <Filter>Utils\TreePropSheet</Filter>
    </ClCompile>
    <ClCompile Include="..\Utils\TreePropSheet\PropPageFrameDefault.cpp">
      <Filter>Utils\TreePropSheet</Filter>
    </ClCompile>
    <ClCompile Include="..\Utils\MiscUI\BaseWindow.cpp">
      <Filter>Utils\MiscUI</Filter>
    </ClCompile>
    <ClCompile Include="..\Utils\MiscUI\FileDlgEventHandler.cpp">
      <Filter>Utils\MiscUI</Filter>
    </ClCompile>
    <ClCompile Include="..\Utils\MiscUI\Gradient.cpp">
      <Filter>Utils\MiscUI</Filter>
    </ClCompile>
    <ClCompile Include="..\Utils\MiscUI\ScrollTool.cpp">
      <Filter>Utils\MiscUI</Filter>
    </ClCompile>
    <ClCompile Include="..\Utils\MiscUI\WaitCursorEx.cpp">
      <Filter>Utils\MiscUI</Filter>
    </ClCompile>
    <ClCompile Include="..\Integrity\IntegrityActions.cpp">
      <Filter>Integrity</Filter>
    </ClCompile>
    <ClCompile Include="..\Integrity\IntegrityResponse.cpp">
      <Filter>Integrity</Filter>
    </ClCompile>
    <ClCompile Include="..\Integrity\IntegritySession.cpp">
      <Filter>Integrity</Filter>
    </ClCompile>
    <ClCompile Include="TortoiseSIProc.cpp" />
    <ClCompile Include="..\Utils\CommonAppUtils.cpp">
      <Filter>Common\AppUtils</Filter>
    </ClCompile>
    <ClCompile Include="..\Utils\EventLog.cpp">
      <Filter>Utils</Filter>
    </ClCompile>
    <ClCompile Include="..\TortoiseShell\ServerConnections.cpp">
      <Filter>Integrity</Filter>
    </ClCompile>
  </ItemGroup>
  <ItemGroup>
    <ClInclude Include="..\Utils\MiscUI\HorizontalResizableStandAloneDialog.h">
      <Filter>Utils\MiscUI</Filter>
    </ClInclude>
    <ClInclude Include="..\Utils\MiscUI\LinkControl.h">
      <Filter>Utils\MiscUI</Filter>
    </ClInclude>
    <ClInclude Include="..\Utils\MiscUI\StandAloneDlg.h">
      <Filter>Utils\MiscUI</Filter>
    </ClInclude>
    <ClInclude Include="Commands\Command.h">
      <Filter>Commands</Filter>
    </ClInclude>
    <ClInclude Include="..\Utils\MiscUI\ControlsBridge.h">
      <Filter>Utils\MiscUI</Filter>
    </ClInclude>
    <ClInclude Include="..\Utils\CmdLineParser.h">
      <Filter>General</Filter>
    </ClInclude>
    <ClInclude Include="..\Utils\DirFileEnum.h">
      <Filter>General</Filter>
    </ClInclude>
    <ClInclude Include="..\Utils\JumpListHelpers.h">
      <Filter>General</Filter>
    </ClInclude>
    <ClInclude Include="..\Utils\LangDll.h">
      <Filter>General</Filter>
    </ClInclude>
    <ClInclude Include="..\Utils\Libraries.h">
      <Filter>General</Filter>
    </ClInclude>
    <ClInclude Include="..\Utils\PathUtils.h">
      <Filter>General</Filter>
    </ClInclude>
    <ClInclude Include="..\Utils\PersonalDictionary.h">
      <Filter>General</Filter>
    </ClInclude>
    <ClInclude Include="..\Utils\registry.h">
      <Filter>General</Filter>
    </ClInclude>
    <ClInclude Include="..\Utils\SysInfo.h">
      <Filter>General</Filter>
    </ClInclude>
    <ClInclude Include="..\Utils\UnicodeUtils.h">
      <Filter>General</Filter>
    </ClInclude>
    <ClInclude Include="..\Utils\Win7.h">
      <Filter>General</Filter>
    </ClInclude>
    <ClInclude Include="..\Utils\DebugOutput.h">
      <Filter>General</Filter>
    </ClInclude>
    <ClInclude Include="..\Utils\IInputValidator.h">
      <Filter>General</Filter>
    </ClInclude>
    <ClInclude Include="..\Utils\MiscUI\BrowseFolder.h">
      <Filter>Utils\MiscUI</Filter>
    </ClInclude>
    <ClInclude Include="..\Utils\MiscUI\FilterEdit.h">
      <Filter>Utils\MiscUI</Filter>
    </ClInclude>
    <ClInclude Include="..\Utils\MiscUI\HintListCtrl.h">
      <Filter>Utils\MiscUI</Filter>
    </ClInclude>
    <ClInclude Include="..\Utils\MiscUI\HTMLFormatter.h">
      <Filter>Utils\MiscUI</Filter>
    </ClInclude>
    <ClInclude Include="..\Utils\MiscUI\HyperLink.h">
      <Filter>Utils\MiscUI</Filter>
    </ClInclude>
    <ClInclude Include="..\Utils\MiscUI\IconBitmapUtils.h">
      <Filter>Utils\MiscUI</Filter>
    </ClInclude>
    <ClInclude Include="..\Utils\MiscUI\IconMenu.h">
      <Filter>Utils\MiscUI</Filter>
    </ClInclude>
    <ClInclude Include="..\Utils\MiscUI\MenuButton.h">
      <Filter>Utils\MiscUI</Filter>
    </ClInclude>
    <ClInclude Include="..\Utils\MiscUI\MessageBox.h">
      <Filter>Utils\MiscUI</Filter>
    </ClInclude>
    <ClInclude Include="..\Utils\MiscUI\Picture.h">
      <Filter>Utils\MiscUI</Filter>
    </ClInclude>
    <ClInclude Include="..\Utils\MiscUI\Tooltip.h">
      <Filter>Utils\MiscUI</Filter>
    </ClInclude>
    <ClInclude Include="..\Utils\MiscUI\WaterEffect.h">
      <Filter>Utils\MiscUI</Filter>
    </ClInclude>
    <ClInclude Include="..\Utils\RegHistory.h">
      <Filter>General</Filter>
    </ClInclude>
    <ClInclude Include="..\Utils\MiscUI\DIB.h">
      <Filter>Utils\MiscUI</Filter>
    </ClInclude>
    <ClInclude Include="..\Utils\ACEdit.h">
      <Filter>General</Filter>
    </ClInclude>
    <ClInclude Include="..\Utils\ACListWnd.h">
      <Filter>General</Filter>
    </ClInclude>
    <ClInclude Include="..\Utils\TreePropSheet\TreePropSheet.h">
      <Filter>Utils\TreePropSheet</Filter>
    </ClInclude>
    <ClInclude Include="..\Utils\COMError.h">
      <Filter>General</Filter>
    </ClInclude>
    <ClInclude Include="..\Utils\MiscUI\RegexEdit.h">
      <Filter>Utils\MiscUI</Filter>
    </ClInclude>
    <ClInclude Include="..\Utils\MiscUI\BufferDC.h">
      <Filter>Utils\MiscUI</Filter>
    </ClInclude>
    <ClInclude Include="..\Utils\StringUtils.h">
      <Filter>General</Filter>
    </ClInclude>
    <ClInclude Include="..\Utils\ReaderWriterLock.h">
      <Filter>General</Filter>
    </ClInclude>
    <ClInclude Include="Common\AppUtils.h">
      <Filter>Common\AppUtils</Filter>
    </ClInclude>
    <ClInclude Include="stdafx.h" />
    <ClInclude Include="Resource.h" />
    <ClInclude Include="Commands\AboutCommand.h">
      <Filter>Commands\About</Filter>
    </ClInclude>
    <ClInclude Include="Commands\AboutDlg.h">
      <Filter>Commands\About</Filter>
    </ClInclude>
    <ClInclude Include="Commands\HelpCommand.h">
      <Filter>Commands\Help</Filter>
    </ClInclude>
    <ClInclude Include="Commands\SICommitCommand.h">
      <Filter>Commands\SI Commit</Filter>
    </ClInclude>
    <ClInclude Include="Commands\SICommitDlg.h">
      <Filter>Commands\SI Commit</Filter>
    </ClInclude>
    <ClInclude Include="..\SI\Git.h">
      <Filter>SI</Filter>
    </ClInclude>
    <ClInclude Include="..\SI\GitForWindows.h">
      <Filter>SI</Filter>
    </ClInclude>
    <ClInclude Include="..\SI\gittype.h">
      <Filter>SI</Filter>
    </ClInclude>
    <ClInclude Include="..\SI\TGitPath.h">
      <Filter>SI</Filter>
    </ClInclude>
    <ClInclude Include="..\Utils\TreePropSheet\PropPageFrame.h">
      <Filter>Utils\TreePropSheet</Filter>
    </ClInclude>
    <ClInclude Include="..\Utils\TreePropSheet\PropPageFrameDefault.h">
      <Filter>Utils\TreePropSheet</Filter>
    </ClInclude>
    <ClInclude Include="..\Utils\MiscUI\BaseWindow.h">
      <Filter>Utils\MiscUI</Filter>
    </ClInclude>
    <ClInclude Include="..\Utils\MiscUI\Cursor.h">
      <Filter>Utils\MiscUI</Filter>
    </ClInclude>
    <ClInclude Include="..\Utils\MiscUI\DlgTemplate.h">
      <Filter>Utils\MiscUI</Filter>
    </ClInclude>
    <ClInclude Include="..\Utils\MiscUI\ExtTextOutFL.h">
      <Filter>Utils\MiscUI</Filter>
    </ClInclude>
    <ClInclude Include="..\Utils\MiscUI\FileDlgEventHandler.h">
      <Filter>Utils\MiscUI</Filter>
    </ClInclude>
    <ClInclude Include="..\Utils\MiscUI\Gradient.h">
      <Filter>Utils\MiscUI</Filter>
    </ClInclude>
    <ClInclude Include="..\Utils\MiscUI\HighColorTab.hpp">
      <Filter>Utils\MiscUI</Filter>
    </ClInclude>
    <ClInclude Include="..\Utils\MiscUI\LineColors.h">
      <Filter>Utils\MiscUI</Filter>
    </ClInclude>
    <ClInclude Include="..\Utils\MiscUI\MyMemDC.h">
      <Filter>Utils\MiscUI</Filter>
    </ClInclude>
    <ClInclude Include="..\Utils\MiscUI\ResString.h">
      <Filter>Utils\MiscUI</Filter>
    </ClInclude>
    <ClInclude Include="..\Utils\MiscUI\ScrollTool.h">
      <Filter>Utils\MiscUI</Filter>
    </ClInclude>
    <ClInclude Include="..\Utils\MiscUI\TripleClick.h">
      <Filter>Utils\MiscUI</Filter>
    </ClInclude>
    <ClInclude Include="..\Utils\MiscUI\WaitCursorEx.h">
      <Filter>Utils\MiscUI</Filter>
    </ClInclude>
    <ClInclude Include="..\Integrity\FileStatus.h">
      <Filter>Integrity</Filter>
    </ClInclude>
    <ClInclude Include="..\Integrity\IntegrityActions.h">
      <Filter>Integrity</Filter>
    </ClInclude>
    <ClInclude Include="..\Integrity\IntegrityResponse.h">
      <Filter>Integrity</Filter>
    </ClInclude>
    <ClInclude Include="..\Integrity\IntegritySession.h">
      <Filter>Integrity</Filter>
    </ClInclude>
    <ClInclude Include="TortoiseSIProc.h" />
    <ClInclude Include="..\Utils\CommonAppUtils.h">
      <Filter>Common\AppUtils</Filter>
    </ClInclude>
    <ClInclude Include="..\Utils\EventLog.h">
      <Filter>Utils</Filter>
    </ClInclude>
    <ClInclude Include="..\TortoiseShell\ServerConnections.h">
      <Filter>Integrity</Filter>
    </ClInclude>
    <ClInclude Include="..\TortoiseShell\DebugEventLog.h">
      <Filter>Utils</Filter>
    </ClInclude>
  </ItemGroup>
  <ItemGroup>
    <Image Include="..\Resources\actionadded.ico">
      <Filter>Resource Files</Filter>
    </Image>
    <Image Include="..\Resources\actiondeleted.ico">
      <Filter>Resource Files</Filter>
    </Image>
    <Image Include="..\Resources\actionfetching.ico">
      <Filter>Resource Files</Filter>
    </Image>
    <Image Include="..\Resources\actionmodified.ico">
      <Filter>Resource Files</Filter>
    </Image>
    <Image Include="..\Resources\actionreplaced.ico">
      <Filter>Resource Files</Filter>
    </Image>
    <Image Include="..\Resources\AddBackground.ico">
      <Filter>Resource Files</Filter>
    </Image>
    <Image Include="..\Resources\bugtraq.ico">
      <Filter>Resource Files</Filter>
    </Image>
    <Image Include="..\Resources\cache.ico">
      <Filter>Resource Files</Filter>
    </Image>
    <Image Include="..\Resources\CacheList.ico">
      <Filter>Resource Files</Filter>
    </Image>
    <Image Include="..\Resources\cancel-normal.ico">
      <Filter>Resource Files</Filter>
    </Image>
    <Image Include="..\Resources\cancel-pressed.ico">
      <Filter>Resource Files</Filter>
    </Image>
    <Image Include="..\Resources\CFMBackground.ico">
      <Filter>Resource Files</Filter>
    </Image>
    <Image Include="..\Resources\checkout.ico">
      <Filter>Resource Files</Filter>
    </Image>
    <Image Include="..\Resources\clippaste.ico">
      <Filter>Resource Files</Filter>
    </Image>
    <Image Include="..\Resources\CommitBackground.ico">
      <Filter>Resource Files</Filter>
    </Image>
    <Image Include="..\Resources\copy.ico">
      <Filter>Resource Files</Filter>
    </Image>
    <Image Include="..\Resources\CopyBackground.ico">
      <Filter>Resource Files</Filter>
    </Image>
    <Image Include="..\Resources\DelunversionedBackground.ico">
      <Filter>Resource Files</Filter>
    </Image>
    <Image Include="..\Resources\dialogs.ico">
      <Filter>Resource Files</Filter>
    </Image>
    <Image Include="..\Resources\Drives.ico">
      <Filter>Resource Files</Filter>
    </Image>
    <Image Include="..\Resources\executableovl.ico">
      <Filter>Resource Files</Filter>
    </Image>
    <Image Include="..\Resources\explorer.ico">
      <Filter>Resource Files</Filter>
    </Image>
    <Image Include="..\Resources\ExportBackground.ico">
      <Filter>Resource Files</Filter>
    </Image>
    <Image Include="..\Resources\filteredit.ico">
      <Filter>Resource Files</Filter>
    </Image>
    <Image Include="..\Resources\general.ico">
      <Filter>Resource Files</Filter>
    </Image>
    <Image Include="..\Resources\git.bmp">
      <Filter>Resource Files</Filter>
    </Image>
    <Image Include="..\Resources\gitconfig.ico">
      <Filter>Resource Files</Filter>
    </Image>
    <Image Include="..\Resources\gitremote.ico">
      <Filter>Resource Files</Filter>
    </Image>
    <Image Include="..\Resources\graph-bar-stacked.ico">
      <Filter>Resource Files</Filter>
    </Image>
    <Image Include="..\Resources\graph-bar.ico">
      <Filter>Resource Files</Filter>
    </Image>
    <Image Include="..\Resources\graph-line-stacked.ico">
      <Filter>Resource Files</Filter>
    </Image>
    <Image Include="..\Resources\graph-line.ico">
      <Filter>Resource Files</Filter>
    </Image>
    <Image Include="..\Resources\graph-pie.ico">
      <Filter>Resource Files</Filter>
    </Image>
    <Image Include="..\Resources\hook.ico">
      <Filter>Resource Files</Filter>
    </Image>
    <Image Include="..\Resources\iconset.ico">
      <Filter>Resource Files</Filter>
    </Image>
    <Image Include="..\Resources\ImportBackground.ico">
      <Filter>Resource Files</Filter>
    </Image>
    <Image Include="..\Resources\ImportPatchesBackground.ico">
      <Filter>Resource Files</Filter>
    </Image>
    <Image Include="..\Resources\jumpdown.ico">
      <Filter>Resource Files</Filter>
    </Image>
    <Image Include="..\Resources\jumpup.ico">
      <Filter>Resource Files</Filter>
    </Image>
    <Image Include="..\Resources\Library.ico">
      <Filter>Resource Files</Filter>
    </Image>
    <Image Include="..\Resources\lineadded.ico">
      <Filter>Resource Files</Filter>
    </Image>
    <Image Include="..\Resources\lineconflicted.ico">
      <Filter>Resource Files</Filter>
    </Image>
    <Image Include="..\Resources\lineremoved.ico">
      <Filter>Resource Files</Filter>
    </Image>
    <Image Include="..\Resources\logfilter.ico">
      <Filter>Resource Files</Filter>
    </Image>
    <Image Include="..\Resources\lookandfeel.ico">
      <Filter>Resource Files</Filter>
    </Image>
    <Image Include="..\Resources\menuabout.ico">
      <Filter>Resource Files</Filter>
    </Image>
    <Image Include="..\Resources\menuadd.ico">
      <Filter>Resource Files</Filter>
    </Image>
    <Image Include="..\Resources\menublame.ico">
      <Filter>Resource Files</Filter>
    </Image>
    <Image Include="..\Resources\menucheckout.ico">
      <Filter>Resource Files</Filter>
    </Image>
    <Image Include="..\Resources\menucleanup.ico">
      <Filter>Resource Files</Filter>
    </Image>
    <Image Include="..\Resources\menucommit.ico">
      <Filter>Resource Files</Filter>
    </Image>
    <Image Include="..\Resources\menucompare.ico">
      <Filter>Resource Files</Filter>
    </Image>
    <Image Include="..\Resources\menuconflict.ico">
      <Filter>Resource Files</Filter>
    </Image>
    <Image Include="..\Resources\menucopy.ico">
      <Filter>Resource Files</Filter>
    </Image>
    <Image Include="..\Resources\menucreaterepos.ico">
      <Filter>Resource Files</Filter>
    </Image>
    <Image Include="..\Resources\menudelete.ico">
      <Filter>Resource Files</Filter>
    </Image>
    <Image Include="..\Resources\menudelunversioned.ico">
      <Filter>Resource Files</Filter>
    </Image>
    <Image Include="..\Resources\menudiff.ico">
      <Filter>Resource Files</Filter>
    </Image>
    <Image Include="..\Resources\menuexport.ico">
      <Filter>Resource Files</Filter>
    </Image>
    <Image Include="..\Resources\menuhelp.ico">
      <Filter>Resource Files</Filter>
    </Image>
    <Image Include="..\Resources\menuignore.ico">
      <Filter>Resource Files</Filter>
    </Image>
    <Image Include="..\Resources\menuimport.ico">
      <Filter>Resource Files</Filter>
    </Image>
    <Image Include="..\Resources\menulog.ico">
      <Filter>Resource Files</Filter>
    </Image>
    <Image Include="..\Resources\menumerge.ico">
      <Filter>Resource Files</Filter>
    </Image>
    <Image Include="..\Resources\menupatch.ico">
      <Filter>Resource Files</Filter>
    </Image>
    <Image Include="..\Resources\menuproperties.ico">
      <Filter>Resource Files</Filter>
    </Image>
    <Image Include="..\Resources\menurelocate.ico">
      <Filter>Resource Files</Filter>
    </Image>
    <Image Include="..\Resources\menurename.ico">
      <Filter>Resource Files</Filter>
    </Image>
    <Image Include="..\Resources\menuresolve.ico">
      <Filter>Resource Files</Filter>
    </Image>
    <Image Include="..\Resources\menurevert.ico">
      <Filter>Resource Files</Filter>
    </Image>
    <Image Include="..\Resources\menusettings.ico">
      <Filter>Resource Files</Filter>
    </Image>
    <Image Include="..\Resources\menushowchanged.ico">
      <Filter>Resource Files</Filter>
    </Image>
    <Image Include="..\Resources\menuswitch.ico">
      <Filter>Resource Files</Filter>
    </Image>
    <Image Include="..\Resources\menuupdate.ico">
      <Filter>Resource Files</Filter>
    </Image>
    <Image Include="..\Resources\MergeBackground.ico">
      <Filter>Resource Files</Filter>
    </Image>
    <Image Include="..\Resources\misc.ico">
      <Filter>Resource Files</Filter>
    </Image>
    <Image Include="..\Resources\newfolder.ico">
      <Filter>Resource Files</Filter>
    </Image>
    <Image Include="..\Resources\open.ico">
      <Filter>Resource Files</Filter>
    </Image>
    <Image Include="..\Resources\Overlays.ico">
      <Filter>Resource Files</Filter>
    </Image>
    <Image Include="..\Resources\proxy.ico">
      <Filter>Resource Files</Filter>
    </Image>
    <Image Include="..\Resources\pull1.ico">
      <Filter>Resource Files</Filter>
    </Image>
    <Image Include="..\Resources\refresh.ico">
      <Filter>Resource Files</Filter>
    </Image>
    <Image Include="..\Resources\reftype.bmp">
      <Filter>Resource Files</Filter>
    </Image>
    <Image Include="..\Resources\RenameBackground.ico">
      <Filter>Resource Files</Filter>
    </Image>
    <Image Include="..\Resources\RepoBrowserBackground.ico">
      <Filter>Resource Files</Filter>
    </Image>
    <Image Include="..\Resources\ResolveBackground.ico">
      <Filter>Resource Files</Filter>
    </Image>
    <Image Include="..\Resources\restore.ico">
      <Filter>Resource Files</Filter>
    </Image>
    <Image Include="..\Resources\restoreovl.ico">
      <Filter>Resource Files</Filter>
    </Image>
    <Image Include="..\Resources\RevertBackground.ico">
      <Filter>Resource Files</Filter>
    </Image>
    <Image Include="..\Resources\revgraph_added.ico">
      <Filter>Resource Files</Filter>
    </Image>
    <Image Include="..\Resources\revgraph_addedplus.ico">
      <Filter>Resource Files</Filter>
    </Image>
    <Image Include="..\Resources\revgraph_deleted.ico">
      <Filter>Resource Files</Filter>
    </Image>
    <Image Include="..\Resources\revgraph_lastcommit.ico">
      <Filter>Resource Files</Filter>
    </Image>
    <Image Include="..\Resources\revgraph_renamed.ico">
      <Filter>Resource Files</Filter>
    </Image>
    <Image Include="..\Resources\revgraph_replaced.ico">
      <Filter>Resource Files</Filter>
    </Image>
    <Image Include="..\Resources\revgraph_tag.ico">
      <Filter>Resource Files</Filter>
    </Image>
    <Image Include="..\Resources\revgraphbar.bmp">
      <Filter>Resource Files</Filter>
    </Image>
    <Image Include="..\Resources\revgraphglyphs.bmp">
      <Filter>Resource Files</Filter>
    </Image>
    <Image Include="..\Resources\save.ico">
      <Filter>Resource Files</Filter>
    </Image>
    <Image Include="..\Resources\saveas.ico">
      <Filter>Resource Files</Filter>
    </Image>
    <Image Include="..\Resources\saveddata.ico">
      <Filter>Resource Files</Filter>
    </Image>
    <Image Include="..\Resources\showbranches.ico">
      <Filter>Resource Files</Filter>
    </Image>
    <Image Include="..\Resources\ssh.ico">
      <Filter>Resource Files</Filter>
    </Image>
    <Image Include="..\Resources\switch.ico">
      <Filter>Resource Files</Filter>
    </Image>
    <Image Include="..\Resources\SwitchBackground.ico">
      <Filter>Resource Files</Filter>
    </Image>
    <Image Include="..\Resources\symlinkovl.ico">
      <Filter>Resource Files</Filter>
    </Image>
    <Image Include="..\Resources\Toolbar.bmp">
      <Filter>Resource Files</Filter>
    </Image>
    <Image Include="..\Resources\Tortoise.ico">
      <Filter>Resource Files</Filter>
    </Image>
    <Image Include="..\Resources\TortoiseBlame.ico">
      <Filter>Resource Files</Filter>
    </Image>
    <Image Include="..\Resources\tortoisegit_logoflipped.bmp">
      <Filter>Resource Files</Filter>
    </Image>
    <Image Include="..\Resources\TortoiseMerge.ico">
      <Filter>Resource Files</Filter>
    </Image>
    <Image Include="..\Resources\TortoiseSmall.ico">
      <Filter>Resource Files</Filter>
    </Image>
    <Image Include="..\Resources\tsvnmenufile.ico">
      <Filter>Resource Files</Filter>
    </Image>
    <Image Include="..\Resources\tsvnmenufolder.ico">
      <Filter>Resource Files</Filter>
    </Image>
    <Image Include="..\Resources\tsvnmenulink.ico">
      <Filter>Resource Files</Filter>
    </Image>
    <Image Include="..\Resources\tsvnmenumultiple.ico">
      <Filter>Resource Files</Filter>
    </Image>
    <Image Include="..\Resources\ttf_glyph.bmp">
      <Filter>Resource Files</Filter>
    </Image>
    <Image Include="..\Resources\up.ico">
      <Filter>Resource Files</Filter>
    </Image>
    <Image Include="..\Resources\update1.ico">
      <Filter>Resource Files</Filter>
    </Image>
    <Image Include="..\Resources\warning-general.ico">
      <Filter>Resource Files</Filter>
    </Image>
    <Image Include="..\Resources\UpdateBackground.ico">
      <Filter>Resource Files</Filter>
    </Image>
    <Image Include="..\Resources\gitcredential.ico">
      <Filter>Resource Files</Filter>
    </Image>
    <Image Include="..\Resources\externalovl.ico">
      <Filter>Resource Files</Filter>
    </Image>
    <Image Include="..\Resources\spell.ico">
      <Filter>Resource Files</Filter>
    </Image>
    <Image Include="..\Resources\file.ico">
      <Filter>Resource Files</Filter>
    </Image>
    <Image Include="..\Resources\code.ico">
      <Filter>Resource Files</Filter>
    </Image>
    <Image Include="..\Resources\snippet.ico">
      <Filter>Resource Files</Filter>
    </Image>
    <Image Include="..\Resources\certcheck.ico">
      <Filter>Resource Files</Filter>
    </Image>
    <Image Include="..\TortoiseUDiff\TortoiseUDiff.ico">
      <Filter>Resource Files</Filter>
    </Image>
    <Image Include="..\resources\icon1.ico">
      <Filter>Resource Files</Filter>
    </Image>
    <Image Include="..\..\..\..\Users\gfleming\Desktop\IntegrityClient.ico">
      <Filter>Resource Files</Filter>
    </Image>
    <Image Include="..\Resources\IntegrityClient.ico">
      <Filter>Resource Files</Filter>
    </Image>
  </ItemGroup>
  <ItemGroup>
    <None Include="..\Resources\bin167.avi">
      <Filter>Resource Files</Filter>
    </None>
    <None Include="..\Resources\bin168.avi">
      <Filter>Resource Files</Filter>
    </None>
    <None Include="..\Resources\cleananim.avi">
      <Filter>Resource Files</Filter>
    </None>
    <None Include="..\Resources\download.avi">
      <Filter>Resource Files</Filter>
    </None>
    <None Include="..\Resources\pan.cur">
      <Filter>Resource Files</Filter>
    </None>
    <None Include="..\Resources\pandown.cur">
      <Filter>Resource Files</Filter>
    </None>
    <None Include="..\Resources\search.avi">
      <Filter>Resource Files</Filter>
    </None>
  </ItemGroup>
  <ItemGroup>
    <ResourceCompile Include="..\Resources\TortoiseProcENG.rc">
      <Filter>Resource Files</Filter>
    </ResourceCompile>
  </ItemGroup>
</Project>